
Microsoft Visual Studio Solution File, Format Version 12.00
# Visual Studio Version 16
VisualStudioVersion = 16.0.31025.194
MinimumVisualStudioVersion = 10.0.40219.1
Project("{FAE04EC0-301F-11D3-BF4B-00C04F79EFBC}") = "CabServiceDay23", "CabServiceDay23\CabServiceDay23.csproj", "{22D51687-4BBC-4AAB-97E9-EFB15116DD0A}"
EndProject
Project("{FAE04EC0-301F-11D3-BF4B-00C04F79EFBC}") = "TestProject1", "TestProject1\TestProject1.csproj", "{40C928EF-BE80-4FED-8017-93AF51C31F6A}"
EndProject
Global
	GlobalSection(SolutionConfigurationPlatforms) = preSolution
		Debug|Any CPU = Debug|Any CPU
		Release|Any CPU = Release|Any CPU
	EndGlobalSection
	GlobalSection(ProjectConfigurationPlatforms) = postSolution
		{22D51687-4BBC-4AAB-97E9-EFB15116DD0A}.Debug|Any CPU.ActiveCfg = Debug|Any CPU
		{22D51687-4BBC-4AAB-97E9-EFB15116DD0A}.Debug|Any CPU.Build.0 = Debug|Any CPU
		{22D51687-4BBC-4AAB-97E9-EFB15116DD0A}.Release|Any CPU.ActiveCfg = Release|Any CPU
		{22D51687-4BBC-4AAB-97E9-EFB15116DD0A}.Release|Any CPU.Build.0 = Release|Any CPU
		{40C928EF-BE80-4FED-8017-93AF51C31F6A}.Debug|Any CPU.ActiveCfg = Debug|Any CPU
		{40C928EF-BE80-4FED-8017-93AF51C31F6A}.Debug|Any CPU.Build.0 = Debug|Any CPU
		{40C928EF-BE80-4FED-8017-93AF51C31F6A}.Release|Any CPU.ActiveCfg = Release|Any CPU
		{40C928EF-BE80-4FED-8017-93AF51C31F6A}.Release|Any CPU.Build.0 = Release|Any CPU
	EndGlobalSection
	GlobalSection(SolutionProperties) = preSolution
		HideSolutionNode = FALSE
	EndGlobalSection
	GlobalSection(ExtensibilityGlobals) = postSolution
		SolutionGuid = {341448C8-9F95-4FBC-8D77-A642DACCAF5F}
	EndGlobalSection
EndGlobal
